# THIS IS AN AUTOGENERATED FILE. DO NOT EDIT THIS FILE DIRECTLY.
# yarn lockfile v1


"@composable-finance/sdk-defi-protocols@^1.0.3":
  version "1.0.3"
  resolved "https://registry.npmjs.org/@composable-finance/sdk-defi-protocols/-/sdk-defi-protocols-1.0.3.tgz#d865ee05d9cee0a426bdadb9fdcd07961b83b3b6"
  integrity sha512-H03nHb9uwDWPK5RytpgpTBjxGcumfn8KewGwPO0wj773UCDIE65lUZISxeVhvHIA6sB5G/MMDiNf8SpiDfog6Q==
  dependencies:
    "@openzeppelin/contracts" "^2.5.0"

"@openzeppelin/contracts@^2.5.0":
  version "2.5.1"
  resolved "https://registry.npmjs.org/@openzeppelin/contracts/-/contracts-2.5.1.tgz#c76e3fc57aa224da3718ec351812a4251289db31"
  integrity sha512-qIy6tLx8rtybEsIOAlrM4J/85s2q2nPkDqj/Rx46VakBZ0LwtFhXIVub96LXHczQX0vaqmAueDqNPXtbSXSaYQ==
